
Microsoft Visual Studio Solution File, Format Version 12.00
# Visual Studio Version 16
Project("{2150E333-8FDC-42A3-9474-1A3956D46DE8}") = "CMakePredefinedTargets", "CMakePredefinedTargets", "{93C1FE0B-05B0-30B3-85F0-1A3ABC087DB4}"
EndProject
Project("{2150E333-8FDC-42A3-9474-1A3956D46DE8}") = "GLFW3", "GLFW3", "{89F4F343-3526-3532-B0A4-231492D155BE}"
EndProject
Project("{2150E333-8FDC-42A3-9474-1A3956D46DE8}") = "Examples", "GLFW3\Examples", "{3FB528A4-7794-3845-BF37-F72309E13C31}"
EndProject
Project("{2150E333-8FDC-42A3-9474-1A3956D46DE8}") = "Tests", "GLFW3\Tests", "{0F91E3A6-9E57-3432-9A88-C5B688935C84}"
EndProject
Project("{8BC9CEB8-8B4A-11D0-8D11-00A0C91BC942}") = "ALL_BUILD", "ALL_BUILD.vcxproj", "{DD6A6413-1FB2-3C7B-A186-27499305CEB9}"
	ProjectSection(ProjectDependencies) = postProject
		{620530BA-242C-3D87-9D39-6BE4823FE232} = {620530BA-242C-3D87-9D39-6BE4823FE232}
		{9ADF7394-8DC6-381A-8AF0-AE9659FF888F} = {9ADF7394-8DC6-381A-8AF0-AE9659FF888F}
		{AB12D2FB-A82B-3219-941C-D2E55B89BAB8} = {AB12D2FB-A82B-3219-941C-D2E55B89BAB8}
		{8945869F-A531-33D2-9797-F8C14A044A6C} = {8945869F-A531-33D2-9797-F8C14A044A6C}
		{FA2B7FD9-FD8D-3CCF-8D38-C5AB5DC6A6F3} = {FA2B7FD9-FD8D-3CCF-8D38-C5AB5DC6A6F3}
		{4E5CE66D-562A-3004-A6EA-328C795616B9} = {4E5CE66D-562A-3004-A6EA-328C795616B9}
		{2667D30E-74C3-3F2E-85EE-540D0C544B91} = {2667D30E-74C3-3F2E-85EE-540D0C544B91}
		{04F2577C-FBE9-3FBD-A80C-1BBE9E09EEA2} = {04F2577C-FBE9-3FBD-A80C-1BBE9E09EEA2}
		{3D997667-EB4F-3000-8CCB-DDC34A9DE92A} = {3D997667-EB4F-3000-8CCB-DDC34A9DE92A}
		{1A69A521-7A20-383C-871B-20C263C37711} = {1A69A521-7A20-383C-871B-20C263C37711}
		{7B0300D0-E3D0-321B-A6D6-11EEF29B51FA} = {7B0300D0-E3D0-321B-A6D6-11EEF29B51FA}
		{4AB45466-83DA-3593-8330-23D374D3D42C} = {4AB45466-83DA-3593-8330-23D374D3D42C}
		{3FEC4DCE-A357-3A84-BD12-E9BC8477442F} = {3FEC4DCE-A357-3A84-BD12-E9BC8477442F}
		{DCEE46C9-EE7A-37BC-823A-918C8B468418} = {DCEE46C9-EE7A-37BC-823A-918C8B468418}
		{8249BB9C-BA6F-367F-BB09-1B0355135F8E} = {8249BB9C-BA6F-367F-BB09-1B0355135F8E}
		{75DAFB6E-4354-3E0D-BAA2-46ED7BC9BA2C} = {75DAFB6E-4354-3E0D-BAA2-46ED7BC9BA2C}
		{AD9227D6-CFD4-3D2B-A9C4-EC41ED506493} = {AD9227D6-CFD4-3D2B-A9C4-EC41ED506493}
		{32E89C7E-87CA-387C-8656-EA554FB657CD} = {32E89C7E-87CA-387C-8656-EA554FB657CD}
		{272BC477-F016-37D4-8D31-724FE1E11424} = {272BC477-F016-37D4-8D31-724FE1E11424}
		{2CD01222-E71F-3289-B2FF-74E8E99695D4} = {2CD01222-E71F-3289-B2FF-74E8E99695D4}
		{48C5744C-7657-3460-A789-54B9ADFF445C} = {48C5744C-7657-3460-A789-54B9ADFF445C}
		{8C0213E6-C029-3FAF-9B9E-5BCE85CDE3A6} = {8C0213E6-C029-3FAF-9B9E-5BCE85CDE3A6}
		{8A88C543-0922-349B-AA21-CE66A4AD8650} = {8A88C543-0922-349B-AA21-CE66A4AD8650}
		{991AD3F7-7DD8-3C31-AD15-D929FD0423D3} = {991AD3F7-7DD8-3C31-AD15-D929FD0423D3}
		{F3314DA8-1215-306D-9F20-33B27D4FB427} = {F3314DA8-1215-306D-9F20-33B27D4FB427}
		{6D002540-36FB-3848-AF02-DAD40D8D8074} = {6D002540-36FB-3848-AF02-DAD40D8D8074}
		{8C7F9562-5B68-33F0-B83A-645DBA4BBFB0} = {8C7F9562-5B68-33F0-B83A-645DBA4BBFB0}
		{F84D29C4-AE0E-3CCE-8773-6C2CEC44484F} = {F84D29C4-AE0E-3CCE-8773-6C2CEC44484F}
		{70A172AE-72B9-3C4C-BD7B-ED15E9BC9879} = {70A172AE-72B9-3C4C-BD7B-ED15E9BC9879}
		{FDA44A11-D2BC-3C07-B85A-AC6A419422AE} = {FDA44A11-D2BC-3C07-B85A-AC6A419422AE}
		{2A99B54E-E02F-3E80-9802-C10CCC75009E} = {2A99B54E-E02F-3E80-9802-C10CCC75009E}
	EndProjectSection
EndProject
Project("{8BC9CEB8-8B4A-11D0-8D11-00A0C91BC942}") = "INSTALL", "INSTALL.vcxproj", "{C85CDB5A-F81E-37B8-B844-10493D9DC960}"
	ProjectSection(ProjectDependencies) = postProject
		{DD6A6413-1FB2-3C7B-A186-27499305CEB9} = {DD6A6413-1FB2-3C7B-A186-27499305CEB9}
		{620530BA-242C-3D87-9D39-6BE4823FE232} = {620530BA-242C-3D87-9D39-6BE4823FE232}
	EndProjectSection
EndProject
Project("{8BC9CEB8-8B4A-11D0-8D11-00A0C91BC942}") = "ZERO_CHECK", "ZERO_CHECK.vcxproj", "{620530BA-242C-3D87-9D39-6BE4823FE232}"
	ProjectSection(ProjectDependencies) = postProject
	EndProjectSection
EndProject
Project("{8BC9CEB8-8B4A-11D0-8D11-00A0C91BC942}") = "boing", "examples\boing.vcxproj", "{9ADF7394-8DC6-381A-8AF0-AE9659FF888F}"
	ProjectSection(ProjectDependencies) = postProject
		{620530BA-242C-3D87-9D39-6BE4823FE232} = {620530BA-242C-3D87-9D39-6BE4823FE232}
		{3D997667-EB4F-3000-8CCB-DDC34A9DE92A} = {3D997667-EB4F-3000-8CCB-DDC34A9DE92A}
	EndProjectSection
EndProject
Project("{8BC9CEB8-8B4A-11D0-8D11-00A0C91BC942}") = "clipboard", "tests\clipboard.vcxproj", "{AB12D2FB-A82B-3219-941C-D2E55B89BAB8}"
	ProjectSection(ProjectDependencies) = postProject
		{620530BA-242C-3D87-9D39-6BE4823FE232} = {620530BA-242C-3D87-9D39-6BE4823FE232}
		{3D997667-EB4F-3000-8CCB-DDC34A9DE92A} = {3D997667-EB4F-3000-8CCB-DDC34A9DE92A}
	EndProjectSection
EndProject
Project("{8BC9CEB8-8B4A-11D0-8D11-00A0C91BC942}") = "cursor", "tests\cursor.vcxproj", "{8945869F-A531-33D2-9797-F8C14A044A6C}"
	ProjectSection(ProjectDependencies) = postProject
		{620530BA-242C-3D87-9D39-6BE4823FE232} = {620530BA-242C-3D87-9D39-6BE4823FE232}
		{3D997667-EB4F-3000-8CCB-DDC34A9DE92A} = {3D997667-EB4F-3000-8CCB-DDC34A9DE92A}
	EndProjectSection
EndProject
Project("{8BC9CEB8-8B4A-11D0-8D11-00A0C91BC942}") = "empty", "tests\empty.vcxproj", "{FA2B7FD9-FD8D-3CCF-8D38-C5AB5DC6A6F3}"
	ProjectSection(ProjectDependencies) = postProject
		{620530BA-242C-3D87-9D39-6BE4823FE232} = {620530BA-242C-3D87-9D39-6BE4823FE232}
		{3D997667-EB4F-3000-8CCB-DDC34A9DE92A} = {3D997667-EB4F-3000-8CCB-DDC34A9DE92A}
	EndProjectSection
EndProject
Project("{8BC9CEB8-8B4A-11D0-8D11-00A0C91BC942}") = "events", "tests\events.vcxproj", "{4E5CE66D-562A-3004-A6EA-328C795616B9}"
	ProjectSection(ProjectDependencies) = postProject
		{620530BA-242C-3D87-9D39-6BE4823FE232} = {620530BA-242C-3D87-9D39-6BE4823FE232}
		{3D997667-EB4F-3000-8CCB-DDC34A9DE92A} = {3D997667-EB4F-3000-8CCB-DDC34A9DE92A}
	EndProjectSection
EndProject
Project("{8BC9CEB8-8B4A-11D0-8D11-00A0C91BC942}") = "gamma", "tests\gamma.vcxproj", "{2667D30E-74C3-3F2E-85EE-540D0C544B91}"
	ProjectSection(ProjectDependencies) = postProject
		{620530BA-242C-3D87-9D39-6BE4823FE232} = {620530BA-242C-3D87-9D39-6BE4823FE232}
		{3D997667-EB4F-3000-8CCB-DDC34A9DE92A} = {3D997667-EB4F-3000-8CCB-DDC34A9DE92A}
	EndProjectSection
EndProject
Project("{8BC9CEB8-8B4A-11D0-8D11-00A0C91BC942}") = "gears", "examples\gears.vcxproj", "{04F2577C-FBE9-3FBD-A80C-1BBE9E09EEA2}"
	ProjectSection(ProjectDependencies) = postProject
		{620530BA-242C-3D87-9D39-6BE4823FE232} = {620530BA-242C-3D87-9D39-6BE4823FE232}
		{3D997667-EB4F-3000-8CCB-DDC34A9DE92A} = {3D997667-EB4F-3000-8CCB-DDC34A9DE92A}
	EndProjectSection
EndProject
Project("{8BC9CEB8-8B4A-11D0-8D11-00A0C91BC942}") = "glfw", "src\glfw.vcxproj", "{3D997667-EB4F-3000-8CCB-DDC34A9DE92A}"
	ProjectSection(ProjectDependencies) = postProject
		{620530BA-242C-3D87-9D39-6BE4823FE232} = {620530BA-242C-3D87-9D39-6BE4823FE232}
	EndProjectSection
EndProject
Project("{8BC9CEB8-8B4A-11D0-8D11-00A0C91BC942}") = "glfwinfo", "tests\glfwinfo.vcxproj", "{1A69A521-7A20-383C-871B-20C263C37711}"
	ProjectSection(ProjectDependencies) = postProject
		{620530BA-242C-3D87-9D39-6BE4823FE232} = {620530BA-242C-3D87-9D39-6BE4823FE232}
		{3D997667-EB4F-3000-8CCB-DDC34A9DE92A} = {3D997667-EB4F-3000-8CCB-DDC34A9DE92A}
	EndProjectSection
EndProject
Project("{8BC9CEB8-8B4A-11D0-8D11-00A0C91BC942}") = "heightmap", "examples\heightmap.vcxproj", "{7B0300D0-E3D0-321B-A6D6-11EEF29B51FA}"
	ProjectSection(ProjectDependencies) = postProject
		{620530BA-242C-3D87-9D39-6BE4823FE232} = {620530BA-242C-3D87-9D39-6BE4823FE232}
		{3D997667-EB4F-3000-8CCB-DDC34A9DE92A} = {3D997667-EB4F-3000-8CCB-DDC34A9DE92A}
	EndProjectSection
EndProject
Project("{8BC9CEB8-8B4A-11D0-8D11-00A0C91BC942}") = "icon", "tests\icon.vcxproj", "{4AB45466-83DA-3593-8330-23D374D3D42C}"
	ProjectSection(ProjectDependencies) = postProject
		{620530BA-242C-3D87-9D39-6BE4823FE232} = {620530BA-242C-3D87-9D39-6BE4823FE232}
		{3D997667-EB4F-3000-8CCB-DDC34A9DE92A} = {3D997667-EB4F-3000-8CCB-DDC34A9DE92A}
	EndProjectSection
EndProject
Project("{8BC9CEB8-8B4A-11D0-8D11-00A0C91BC942}") = "iconify", "tests\iconify.vcxproj", "{3FEC4DCE-A357-3A84-BD12-E9BC8477442F}"
	ProjectSection(ProjectDependencies) = postProject
		{620530BA-242C-3D87-9D39-6BE4823FE232} = {620530BA-242C-3D87-9D39-6BE4823FE232}
		{3D997667-EB4F-3000-8CCB-DDC34A9DE92A} = {3D997667-EB4F-3000-8CCB-DDC34A9DE92A}
	EndProjectSection
EndProject
Project("{8BC9CEB8-8B4A-11D0-8D11-00A0C91BC942}") = "inputlag", "tests\inputlag.vcxproj", "{DCEE46C9-EE7A-37BC-823A-918C8B468418}"
	ProjectSection(ProjectDependencies) = postProject
		{620530BA-242C-3D87-9D39-6BE4823FE232} = {620530BA-242C-3D87-9D39-6BE4823FE232}
		{3D997667-EB4F-3000-8CCB-DDC34A9DE92A} = {3D997667-EB4F-3000-8CCB-DDC34A9DE92A}
	EndProjectSection
EndProject
Project("{8BC9CEB8-8B4A-11D0-8D11-00A0C91BC942}") = "joysticks", "tests\joysticks.vcxproj", "{8249BB9C-BA6F-367F-BB09-1B0355135F8E}"
	ProjectSection(ProjectDependencies) = postProject
		{620530BA-242C-3D87-9D39-6BE4823FE232} = {620530BA-242C-3D87-9D39-6BE4823FE232}
		{3D997667-EB4F-3000-8CCB-DDC34A9DE92A} = {3D997667-EB4F-3000-8CCB-DDC34A9DE92A}
	EndProjectSection
EndProject
Project("{8BC9CEB8-8B4A-11D0-8D11-00A0C91BC942}") = "monitors", "tests\monitors.vcxproj", "{75DAFB6E-4354-3E0D-BAA2-46ED7BC9BA2C}"
	ProjectSection(ProjectDependencies) = postProject
		{620530BA-242C-3D87-9D39-6BE4823FE232} = {620530BA-242C-3D87-9D39-6BE4823FE232}
		{3D997667-EB4F-3000-8CCB-DDC34A9DE92A} = {3D997667-EB4F-3000-8CCB-DDC34A9DE92A}
	EndProjectSection
EndProject
Project("{8BC9CEB8-8B4A-11D0-8D11-00A0C91BC942}") = "msaa", "tests\msaa.vcxproj", "{AD9227D6-CFD4-3D2B-A9C4-EC41ED506493}"
	ProjectSection(ProjectDependencies) = postProject
		{620530BA-242C-3D87-9D39-6BE4823FE232} = {620530BA-242C-3D87-9D39-6BE4823FE232}
		{3D997667-EB4F-3000-8CCB-DDC34A9DE92A} = {3D997667-EB4F-3000-8CCB-DDC34A9DE92A}
	EndProjectSection
EndProject
Project("{8BC9CEB8-8B4A-11D0-8D11-00A0C91BC942}") = "offscreen", "examples\offscreen.vcxproj", "{32E89C7E-87CA-387C-8656-EA554FB657CD}"
	ProjectSection(ProjectDependencies) = postProject
		{620530BA-242C-3D87-9D39-6BE4823FE232} = {620530BA-242C-3D87-9D39-6BE4823FE232}
		{3D997667-EB4F-3000-8CCB-DDC34A9DE92A} = {3D997667-EB4F-3000-8CCB-DDC34A9DE92A}
	EndProjectSection
EndProject
Project("{8BC9CEB8-8B4A-11D0-8D11-00A0C91BC942}") = "opacity", "tests\opacity.vcxproj", "{272BC477-F016-37D4-8D31-724FE1E11424}"
	ProjectSection(ProjectDependencies) = postProject
		{620530BA-242C-3D87-9D39-6BE4823FE232} = {620530BA-242C-3D87-9D39-6BE4823FE232}
		{3D997667-EB4F-3000-8CCB-DDC34A9DE92A} = {3D997667-EB4F-3000-8CCB-DDC34A9DE92A}
	EndProjectSection
EndProject
Project("{8BC9CEB8-8B4A-11D0-8D11-00A0C91BC942}") = "particles", "examples\particles.vcxproj", "{2CD01222-E71F-3289-B2FF-74E8E99695D4}"
	ProjectSection(ProjectDependencies) = postProject
		{620530BA-242C-3D87-9D39-6BE4823FE232} = {620530BA-242C-3D87-9D39-6BE4823FE232}
		{3D997667-EB4F-3000-8CCB-DDC34A9DE92A} = {3D997667-EB4F-3000-8CCB-DDC34A9DE92A}
	EndProjectSection
EndProject
Project("{8BC9CEB8-8B4A-11D0-8D11-00A0C91BC942}") = "reopen", "tests\reopen.vcxproj", "{48C5744C-7657-3460-A789-54B9ADFF445C}"
	ProjectSection(ProjectDependencies) = postProject
		{620530BA-242C-3D87-9D39-6BE4823FE232} = {620530BA-242C-3D87-9D39-6BE4823FE232}
		{3D997667-EB4F-3000-8CCB-DDC34A9DE92A} = {3D997667-EB4F-3000-8CCB-DDC34A9DE92A}
	EndProjectSection
EndProject
Project("{8BC9CEB8-8B4A-11D0-8D11-00A0C91BC942}") = "sharing", "examples\sharing.vcxproj", "{8C0213E6-C029-3FAF-9B9E-5BCE85CDE3A6}"
	ProjectSection(ProjectDependencies) = postProject
		{620530BA-242C-3D87-9D39-6BE4823FE232} = {620530BA-242C-3D87-9D39-6BE4823FE232}
		{3D997667-EB4F-3000-8CCB-DDC34A9DE92A} = {3D997667-EB4F-3000-8CCB-DDC34A9DE92A}
	EndProjectSection
EndProject
Project("{8BC9CEB8-8B4A-11D0-8D11-00A0C91BC942}") = "simple", "examples\simple.vcxproj", "{8A88C543-0922-349B-AA21-CE66A4AD8650}"
	ProjectSection(ProjectDependencies) = postProject
		{620530BA-242C-3D87-9D39-6BE4823FE232} = {620530BA-242C-3D87-9D39-6BE4823FE232}
		{3D997667-EB4F-3000-8CCB-DDC34A9DE92A} = {3D997667-EB4F-3000-8CCB-DDC34A9DE92A}
	EndProjectSection
EndProject
Project("{8BC9CEB8-8B4A-11D0-8D11-00A0C91BC942}") = "splitview", "examples\splitview.vcxproj", "{991AD3F7-7DD8-3C31-AD15-D929FD0423D3}"
	ProjectSection(ProjectDependencies) = postProject
		{620530BA-242C-3D87-9D39-6BE4823FE232} = {620530BA-242C-3D87-9D39-6BE4823FE232}
		{3D997667-EB4F-3000-8CCB-DDC34A9DE92A} = {3D997667-EB4F-3000-8CCB-DDC34A9DE92A}
	EndProjectSection
EndProject
Project("{8BC9CEB8-8B4A-11D0-8D11-00A0C91BC942}") = "tearing", "tests\tearing.vcxproj", "{F3314DA8-1215-306D-9F20-33B27D4FB427}"
	ProjectSection(ProjectDependencies) = postProject
		{620530BA-242C-3D87-9D39-6BE4823FE232} = {620530BA-242C-3D87-9D39-6BE4823FE232}
		{3D997667-EB4F-3000-8CCB-DDC34A9DE92A} = {3D997667-EB4F-3000-8CCB-DDC34A9DE92A}
	EndProjectSection
EndProject
Project("{8BC9CEB8-8B4A-11D0-8D11-00A0C91BC942}") = "threads", "tests\threads.vcxproj", "{6D002540-36FB-3848-AF02-DAD40D8D8074}"
	ProjectSection(ProjectDependencies) = postProject
		{620530BA-242C-3D87-9D39-6BE4823FE232} = {620530BA-242C-3D87-9D39-6BE4823FE232}
		{3D997667-EB4F-3000-8CCB-DDC34A9DE92A} = {3D997667-EB4F-3000-8CCB-DDC34A9DE92A}
	EndProjectSection
EndProject
Project("{8BC9CEB8-8B4A-11D0-8D11-00A0C91BC942}") = "timeout", "tests\timeout.vcxproj", "{8C7F9562-5B68-33F0-B83A-645DBA4BBFB0}"
	ProjectSection(ProjectDependencies) = postProject
		{620530BA-242C-3D87-9D39-6BE4823FE232} = {620530BA-242C-3D87-9D39-6BE4823FE232}
		{3D997667-EB4F-3000-8CCB-DDC34A9DE92A} = {3D997667-EB4F-3000-8CCB-DDC34A9DE92A}
	EndProjectSection
EndProject
Project("{8BC9CEB8-8B4A-11D0-8D11-00A0C91BC942}") = "title", "tests\title.vcxproj", "{F84D29C4-AE0E-3CCE-8773-6C2CEC44484F}"
	ProjectSection(ProjectDependencies) = postProject
		{620530BA-242C-3D87-9D39-6BE4823FE232} = {620530BA-242C-3D87-9D39-6BE4823FE232}
		{3D997667-EB4F-3000-8CCB-DDC34A9DE92A} = {3D997667-EB4F-3000-8CCB-DDC34A9DE92A}
	EndProjectSection
EndProject
Project("{8BC9CEB8-8B4A-11D0-8D11-00A0C91BC942}") = "triangle-vulkan", "tests\triangle-vulkan.vcxproj", "{70A172AE-72B9-3C4C-BD7B-ED15E9BC9879}"
	ProjectSection(ProjectDependencies) = postProject
		{620530BA-242C-3D87-9D39-6BE4823FE232} = {620530BA-242C-3D87-9D39-6BE4823FE232}
		{3D997667-EB4F-3000-8CCB-DDC34A9DE92A} = {3D997667-EB4F-3000-8CCB-DDC34A9DE92A}
	EndProjectSection
EndProject
Project("{8BC9CEB8-8B4A-11D0-8D11-00A0C91BC942}") = "uninstall", "uninstall.vcxproj", "{F6C6843C-7673-3F20-8822-A9E21DB31E2A}"
	ProjectSection(ProjectDependencies) = postProject
		{620530BA-242C-3D87-9D39-6BE4823FE232} = {620530BA-242C-3D87-9D39-6BE4823FE232}
	EndProjectSection
EndProject
Project("{8BC9CEB8-8B4A-11D0-8D11-00A0C91BC942}") = "wave", "examples\wave.vcxproj", "{FDA44A11-D2BC-3C07-B85A-AC6A419422AE}"
	ProjectSection(ProjectDependencies) = postProject
		{620530BA-242C-3D87-9D39-6BE4823FE232} = {620530BA-242C-3D87-9D39-6BE4823FE232}
		{3D997667-EB4F-3000-8CCB-DDC34A9DE92A} = {3D997667-EB4F-3000-8CCB-DDC34A9DE92A}
	EndProjectSection
EndProject
Project("{8BC9CEB8-8B4A-11D0-8D11-00A0C91BC942}") = "windows", "tests\windows.vcxproj", "{2A99B54E-E02F-3E80-9802-C10CCC75009E}"
	ProjectSection(ProjectDependencies) = postProject
		{620530BA-242C-3D87-9D39-6BE4823FE232} = {620530BA-242C-3D87-9D39-6BE4823FE232}
		{3D997667-EB4F-3000-8CCB-DDC34A9DE92A} = {3D997667-EB4F-3000-8CCB-DDC34A9DE92A}
	EndProjectSection
EndProject
Global
	GlobalSection(SolutionConfigurationPlatforms) = preSolution
		Debug|x64 = Debug|x64
		Release|x64 = Release|x64
		MinSizeRel|x64 = MinSizeRel|x64
		RelWithDebInfo|x64 = RelWithDebInfo|x64
	EndGlobalSection
	GlobalSection(ProjectConfigurationPlatforms) = postSolution
		{DD6A6413-1FB2-3C7B-A186-27499305CEB9}.Debug|x64.ActiveCfg = Debug|x64
		{DD6A6413-1FB2-3C7B-A186-27499305CEB9}.Debug|x64.Build.0 = Debug|x64
		{DD6A6413-1FB2-3C7B-A186-27499305CEB9}.Release|x64.ActiveCfg = Release|x64
		{DD6A6413-1FB2-3C7B-A186-27499305CEB9}.Release|x64.Build.0 = Release|x64
		{DD6A6413-1FB2-3C7B-A186-27499305CEB9}.MinSizeRel|x64.ActiveCfg = MinSizeRel|x64
		{DD6A6413-1FB2-3C7B-A186-27499305CEB9}.MinSizeRel|x64.Build.0 = MinSizeRel|x64
		{DD6A6413-1FB2-3C7B-A186-27499305CEB9}.RelWithDebInfo|x64.ActiveCfg = RelWithDebInfo|x64
		{DD6A6413-1FB2-3C7B-A186-27499305CEB9}.RelWithDebInfo|x64.Build.0 = RelWithDebInfo|x64
		{C85CDB5A-F81E-37B8-B844-10493D9DC960}.Debug|x64.ActiveCfg = Debug|x64
		{C85CDB5A-F81E-37B8-B844-10493D9DC960}.Release|x64.ActiveCfg = Release|x64
		{C85CDB5A-F81E-37B8-B844-10493D9DC960}.MinSizeRel|x64.ActiveCfg = MinSizeRel|x64
		{C85CDB5A-F81E-37B8-B844-10493D9DC960}.RelWithDebInfo|x64.ActiveCfg = RelWithDebInfo|x64
		{620530BA-242C-3D87-9D39-6BE4823FE232}.Debug|x64.ActiveCfg = Debug|x64
		{620530BA-242C-3D87-9D39-6BE4823FE232}.Debug|x64.Build.0 = Debug|x64
		{620530BA-242C-3D87-9D39-6BE4823FE232}.Release|x64.ActiveCfg = Release|x64
		{620530BA-242C-3D87-9D39-6BE4823FE232}.Release|x64.Build.0 = Release|x64
		{620530BA-242C-3D87-9D39-6BE4823FE232}.MinSizeRel|x64.ActiveCfg = MinSizeRel|x64
		{620530BA-242C-3D87-9D39-6BE4823FE232}.MinSizeRel|x64.Build.0 = MinSizeRel|x64
		{620530BA-242C-3D87-9D39-6BE4823FE232}.RelWithDebInfo|x64.ActiveCfg = RelWithDebInfo|x64
		{620530BA-242C-3D87-9D39-6BE4823FE232}.RelWithDebInfo|x64.Build.0 = RelWithDebInfo|x64
		{9ADF7394-8DC6-381A-8AF0-AE9659FF888F}.Debug|x64.ActiveCfg = Debug|x64
		{9ADF7394-8DC6-381A-8AF0-AE9659FF888F}.Debug|x64.Build.0 = Debug|x64
		{9ADF7394-8DC6-381A-8AF0-AE9659FF888F}.Release|x64.ActiveCfg = Release|x64
		{9ADF7394-8DC6-381A-8AF0-AE9659FF888F}.Release|x64.Build.0 = Release|x64
		{9ADF7394-8DC6-381A-8AF0-AE9659FF888F}.MinSizeRel|x64.ActiveCfg = MinSizeRel|x64
		{9ADF7394-8DC6-381A-8AF0-AE9659FF888F}.MinSizeRel|x64.Build.0 = MinSizeRel|x64
		{9ADF7394-8DC6-381A-8AF0-AE9659FF888F}.RelWithDebInfo|x64.ActiveCfg = RelWithDebInfo|x64
		{9ADF7394-8DC6-381A-8AF0-AE9659FF888F}.RelWithDebInfo|x64.Build.0 = RelWithDebInfo|x64
		{AB12D2FB-A82B-3219-941C-D2E55B89BAB8}.Debug|x64.ActiveCfg = Debug|x64
		{AB12D2FB-A82B-3219-941C-D2E55B89BAB8}.Debug|x64.Build.0 = Debug|x64
		{AB12D2FB-A82B-3219-941C-D2E55B89BAB8}.Release|x64.ActiveCfg = Release|x64
		{AB12D2FB-A82B-3219-941C-D2E55B89BAB8}.Release|x64.Build.0 = Release|x64
		{AB12D2FB-A82B-3219-941C-D2E55B89BAB8}.MinSizeRel|x64.ActiveCfg = MinSizeRel|x64
		{AB12D2FB-A82B-3219-941C-D2E55B89BAB8}.MinSizeRel|x64.Build.0 = MinSizeRel|x64
		{AB12D2FB-A82B-3219-941C-D2E55B89BAB8}.RelWithDebInfo|x64.ActiveCfg = RelWithDebInfo|x64
		{AB12D2FB-A82B-3219-941C-D2E55B89BAB8}.RelWithDebInfo|x64.Build.0 = RelWithDebInfo|x64
		{8945869F-A531-33D2-9797-F8C14A044A6C}.Debug|x64.ActiveCfg = Debug|x64
		{8945869F-A531-33D2-9797-F8C14A044A6C}.Debug|x64.Build.0 = Debug|x64
		{8945869F-A531-33D2-9797-F8C14A044A6C}.Release|x64.ActiveCfg = Release|x64
		{8945869F-A531-33D2-9797-F8C14A044A6C}.Release|x64.Build.0 = Release|x64
		{8945869F-A531-33D2-9797-F8C14A044A6C}.MinSizeRel|x64.ActiveCfg = MinSizeRel|x64
		{8945869F-A531-33D2-9797-F8C14A044A6C}.MinSizeRel|x64.Build.0 = MinSizeRel|x64
		{8945869F-A531-33D2-9797-F8C14A044A6C}.RelWithDebInfo|x64.ActiveCfg = RelWithDebInfo|x64
		{8945869F-A531-33D2-9797-F8C14A044A6C}.RelWithDebInfo|x64.Build.0 = RelWithDebInfo|x64
		{FA2B7FD9-FD8D-3CCF-8D38-C5AB5DC6A6F3}.Debug|x64.ActiveCfg = Debug|x64
		{FA2B7FD9-FD8D-3CCF-8D38-C5AB5DC6A6F3}.Debug|x64.Build.0 = Debug|x64
		{FA2B7FD9-FD8D-3CCF-8D38-C5AB5DC6A6F3}.Release|x64.ActiveCfg = Release|x64
		{FA2B7FD9-FD8D-3CCF-8D38-C5AB5DC6A6F3}.Release|x64.Build.0 = Release|x64
		{FA2B7FD9-FD8D-3CCF-8D38-C5AB5DC6A6F3}.MinSizeRel|x64.ActiveCfg = MinSizeRel|x64
		{FA2B7FD9-FD8D-3CCF-8D38-C5AB5DC6A6F3}.MinSizeRel|x64.Build.0 = MinSizeRel|x64
		{FA2B7FD9-FD8D-3CCF-8D38-C5AB5DC6A6F3}.RelWithDebInfo|x64.ActiveCfg = RelWithDebInfo|x64
		{FA2B7FD9-FD8D-3CCF-8D38-C5AB5DC6A6F3}.RelWithDebInfo|x64.Build.0 = RelWithDebInfo|x64
		{4E5CE66D-562A-3004-A6EA-328C795616B9}.Debug|x64.ActiveCfg = Debug|x64
		{4E5CE66D-562A-3004-A6EA-328C795616B9}.Debug|x64.Build.0 = Debug|x64
		{4E5CE66D-562A-3004-A6EA-328C795616B9}.Release|x64.ActiveCfg = Release|x64
		{4E5CE66D-562A-3004-A6EA-328C795616B9}.Release|x64.Build.0 = Release|x64
		{4E5CE66D-562A-3004-A6EA-328C795616B9}.MinSizeRel|x64.ActiveCfg = MinSizeRel|x64
		{4E5CE66D-562A-3004-A6EA-328C795616B9}.MinSizeRel|x64.Build.0 = MinSizeRel|x64
		{4E5CE66D-562A-3004-A6EA-328C795616B9}.RelWithDebInfo|x64.ActiveCfg = RelWithDebInfo|x64
		{4E5CE66D-562A-3004-A6EA-328C795616B9}.RelWithDebInfo|x64.Build.0 = RelWithDebInfo|x64
		{2667D30E-74C3-3F2E-85EE-540D0C544B91}.Debug|x64.ActiveCfg = Debug|x64
		{2667D30E-74C3-3F2E-85EE-540D0C544B91}.Debug|x64.Build.0 = Debug|x64
		{2667D30E-74C3-3F2E-85EE-540D0C544B91}.Release|x64.ActiveCfg = Release|x64
		{2667D30E-74C3-3F2E-85EE-540D0C544B91}.Release|x64.Build.0 = Release|x64
		{2667D30E-74C3-3F2E-85EE-540D0C544B91}.MinSizeRel|x64.ActiveCfg = MinSizeRel|x64
		{2667D30E-74C3-3F2E-85EE-540D0C544B91}.MinSizeRel|x64.Build.0 = MinSizeRel|x64
		{2667D30E-74C3-3F2E-85EE-540D0C544B91}.RelWithDebInfo|x64.ActiveCfg = RelWithDebInfo|x64
		{2667D30E-74C3-3F2E-85EE-540D0C544B91}.RelWithDebInfo|x64.Build.0 = RelWithDebInfo|x64
		{04F2577C-FBE9-3FBD-A80C-1BBE9E09EEA2}.Debug|x64.ActiveCfg = Debug|x64
		{04F2577C-FBE9-3FBD-A80C-1BBE9E09EEA2}.Debug|x64.Build.0 = Debug|x64
		{04F2577C-FBE9-3FBD-A80C-1BBE9E09EEA2}.Release|x64.ActiveCfg = Release|x64
		{04F2577C-FBE9-3FBD-A80C-1BBE9E09EEA2}.Release|x64.Build.0 = Release|x64
		{04F2577C-FBE9-3FBD-A80C-1BBE9E09EEA2}.MinSizeRel|x64.ActiveCfg = MinSizeRel|x64
		{04F2577C-FBE9-3FBD-A80C-1BBE9E09EEA2}.MinSizeRel|x64.Build.0 = MinSizeRel|x64
		{04F2577C-FBE9-3FBD-A80C-1BBE9E09EEA2}.RelWithDebInfo|x64.ActiveCfg = RelWithDebInfo|x64
		{04F2577C-FBE9-3FBD-A80C-1BBE9E09EEA2}.RelWithDebInfo|x64.Build.0 = RelWithDebInfo|x64
		{3D997667-EB4F-3000-8CCB-DDC34A9DE92A}.Debug|x64.ActiveCfg = Debug|x64
		{3D997667-EB4F-3000-8CCB-DDC34A9DE92A}.Debug|x64.Build.0 = Debug|x64
		{3D997667-EB4F-3000-8CCB-DDC34A9DE92A}.Release|x64.ActiveCfg = Release|x64
		{3D997667-EB4F-3000-8CCB-DDC34A9DE92A}.Release|x64.Build.0 = Release|x64
		{3D997667-EB4F-3000-8CCB-DDC34A9DE92A}.MinSizeRel|x64.ActiveCfg = MinSizeRel|x64
		{3D997667-EB4F-3000-8CCB-DDC34A9DE92A}.MinSizeRel|x64.Build.0 = MinSizeRel|x64
		{3D997667-EB4F-3000-8CCB-DDC34A9DE92A}.RelWithDebInfo|x64.ActiveCfg = RelWithDebInfo|x64
		{3D997667-EB4F-3000-8CCB-DDC34A9DE92A}.RelWithDebInfo|x64.Build.0 = RelWithDebInfo|x64
		{1A69A521-7A20-383C-871B-20C263C37711}.Debug|x64.ActiveCfg = Debug|x64
		{1A69A521-7A20-383C-871B-20C263C37711}.Debug|x64.Build.0 = Debug|x64
		{1A69A521-7A20-383C-871B-20C263C37711}.Release|x64.ActiveCfg = Release|x64
		{1A69A521-7A20-383C-871B-20C263C37711}.Release|x64.Build.0 = Release|x64
		{1A69A521-7A20-383C-871B-20C263C37711}.MinSizeRel|x64.ActiveCfg = MinSizeRel|x64
		{1A69A521-7A20-383C-871B-20C263C37711}.MinSizeRel|x64.Build.0 = MinSizeRel|x64
		{1A69A521-7A20-383C-871B-20C263C37711}.RelWithDebInfo|x64.ActiveCfg = RelWithDebInfo|x64
		{1A69A521-7A20-383C-871B-20C263C37711}.RelWithDebInfo|x64.Build.0 = RelWithDebInfo|x64
		{7B0300D0-E3D0-321B-A6D6-11EEF29B51FA}.Debug|x64.ActiveCfg = Debug|x64
		{7B0300D0-E3D0-321B-A6D6-11EEF29B51FA}.Debug|x64.Build.0 = Debug|x64
		{7B0300D0-E3D0-321B-A6D6-11EEF29B51FA}.Release|x64.ActiveCfg = Release|x64
		{7B0300D0-E3D0-321B-A6D6-11EEF29B51FA}.Release|x64.Build.0 = Release|x64
		{7B0300D0-E3D0-321B-A6D6-11EEF29B51FA}.MinSizeRel|x64.ActiveCfg = MinSizeRel|x64
		{7B0300D0-E3D0-321B-A6D6-11EEF29B51FA}.MinSizeRel|x64.Build.0 = MinSizeRel|x64
		{7B0300D0-E3D0-321B-A6D6-11EEF29B51FA}.RelWithDebInfo|x64.ActiveCfg = RelWithDebInfo|x64
		{7B0300D0-E3D0-321B-A6D6-11EEF29B51FA}.RelWithDebInfo|x64.Build.0 = RelWithDebInfo|x64
		{4AB45466-83DA-3593-8330-23D374D3D42C}.Debug|x64.ActiveCfg = Debug|x64
		{4AB45466-83DA-3593-8330-23D374D3D42C}.Debug|x64.Build.0 = Debug|x64
		{4AB45466-83DA-3593-8330-23D374D3D42C}.Release|x64.ActiveCfg = Release|x64
		{4AB45466-83DA-3593-8330-23D374D3D42C}.Release|x64.Build.0 = Release|x64
		{4AB45466-83DA-3593-8330-23D374D3D42C}.MinSizeRel|x64.ActiveCfg = MinSizeRel|x64
		{4AB45466-83DA-3593-8330-23D374D3D42C}.MinSizeRel|x64.Build.0 = MinSizeRel|x64
		{4AB45466-83DA-3593-8330-23D374D3D42C}.RelWithDebInfo|x64.ActiveCfg = RelWithDebInfo|x64
		{4AB45466-83DA-3593-8330-23D374D3D42C}.RelWithDebInfo|x64.Build.0 = RelWithDebInfo|x64
		{3FEC4DCE-A357-3A84-BD12-E9BC8477442F}.Debug|x64.ActiveCfg = Debug|x64
		{3FEC4DCE-A357-3A84-BD12-E9BC8477442F}.Debug|x64.Build.0 = Debug|x64
		{3FEC4DCE-A357-3A84-BD12-E9BC8477442F}.Release|x64.ActiveCfg = Release|x64
		{3FEC4DCE-A357-3A84-BD12-E9BC8477442F}.Release|x64.Build.0 = Release|x64
		{3FEC4DCE-A357-3A84-BD12-E9BC8477442F}.MinSizeRel|x64.ActiveCfg = MinSizeRel|x64
		{3FEC4DCE-A357-3A84-BD12-E9BC8477442F}.MinSizeRel|x64.Build.0 = MinSizeRel|x64
		{3FEC4DCE-A357-3A84-BD12-E9BC8477442F}.RelWithDebInfo|x64.ActiveCfg = RelWithDebInfo|x64
		{3FEC4DCE-A357-3A84-BD12-E9BC8477442F}.RelWithDebInfo|x64.Build.0 = RelWithDebInfo|x64
		{DCEE46C9-EE7A-37BC-823A-918C8B468418}.Debug|x64.ActiveCfg = Debug|x64
		{DCEE46C9-EE7A-37BC-823A-918C8B468418}.Debug|x64.Build.0 = Debug|x64
		{DCEE46C9-EE7A-37BC-823A-918C8B468418}.Release|x64.ActiveCfg = Release|x64
		{DCEE46C9-EE7A-37BC-823A-918C8B468418}.Release|x64.Build.0 = Release|x64
		{DCEE46C9-EE7A-37BC-823A-918C8B468418}.MinSizeRel|x64.ActiveCfg = MinSizeRel|x64
		{DCEE46C9-EE7A-37BC-823A-918C8B468418}.MinSizeRel|x64.Build.0 = MinSizeRel|x64
		{DCEE46C9-EE7A-37BC-823A-918C8B468418}.RelWithDebInfo|x64.ActiveCfg = RelWithDebInfo|x64
		{DCEE46C9-EE7A-37BC-823A-918C8B468418}.RelWithDebInfo|x64.Build.0 = RelWithDebInfo|x64
		{8249BB9C-BA6F-367F-BB09-1B0355135F8E}.Debug|x64.ActiveCfg = Debug|x64
		{8249BB9C-BA6F-367F-BB09-1B0355135F8E}.Debug|x64.Build.0 = Debug|x64
		{8249BB9C-BA6F-367F-BB09-1B0355135F8E}.Release|x64.ActiveCfg = Release|x64
		{8249BB9C-BA6F-367F-BB09-1B0355135F8E}.Release|x64.Build.0 = Release|x64
		{8249BB9C-BA6F-367F-BB09-1B0355135F8E}.MinSizeRel|x64.ActiveCfg = MinSizeRel|x64
		{8249BB9C-BA6F-367F-BB09-1B0355135F8E}.MinSizeRel|x64.Build.0 = MinSizeRel|x64
		{8249BB9C-BA6F-367F-BB09-1B0355135F8E}.RelWithDebInfo|x64.ActiveCfg = RelWithDebInfo|x64
		{8249BB9C-BA6F-367F-BB09-1B0355135F8E}.RelWithDebInfo|x64.Build.0 = RelWithDebInfo|x64
		{75DAFB6E-4354-3E0D-BAA2-46ED7BC9BA2C}.Debug|x64.ActiveCfg = Debug|x64
		{75DAFB6E-4354-3E0D-BAA2-46ED7BC9BA2C}.Debug|x64.Build.0 = Debug|x64
		{75DAFB6E-4354-3E0D-BAA2-46ED7BC9BA2C}.Release|x64.ActiveCfg = Release|x64
		{75DAFB6E-4354-3E0D-BAA2-46ED7BC9BA2C}.Release|x64.Build.0 = Release|x64
		{75DAFB6E-4354-3E0D-BAA2-46ED7BC9BA2C}.MinSizeRel|x64.ActiveCfg = MinSizeRel|x64
		{75DAFB6E-4354-3E0D-BAA2-46ED7BC9BA2C}.MinSizeRel|x64.Build.0 = MinSizeRel|x64
		{75DAFB6E-4354-3E0D-BAA2-46ED7BC9BA2C}.RelWithDebInfo|x64.ActiveCfg = RelWithDebInfo|x64
		{75DAFB6E-4354-3E0D-BAA2-46ED7BC9BA2C}.RelWithDebInfo|x64.Build.0 = RelWithDebInfo|x64
		{AD9227D6-CFD4-3D2B-A9C4-EC41ED506493}.Debug|x64.ActiveCfg = Debug|x64
		{AD9227D6-CFD4-3D2B-A9C4-EC41ED506493}.Debug|x64.Build.0 = Debug|x64
		{AD9227D6-CFD4-3D2B-A9C4-EC41ED506493}.Release|x64.ActiveCfg = Release|x64
		{AD9227D6-CFD4-3D2B-A9C4-EC41ED506493}.Release|x64.Build.0 = Release|x64
		{AD9227D6-CFD4-3D2B-A9C4-EC41ED506493}.MinSizeRel|x64.ActiveCfg = MinSizeRel|x64
		{AD9227D6-CFD4-3D2B-A9C4-EC41ED506493}.MinSizeRel|x64.Build.0 = MinSizeRel|x64
		{AD9227D6-CFD4-3D2B-A9C4-EC41ED506493}.RelWithDebInfo|x64.ActiveCfg = RelWithDebInfo|x64
		{AD9227D6-CFD4-3D2B-A9C4-EC41ED506493}.RelWithDebInfo|x64.Build.0 = RelWithDebInfo|x64
		{32E89C7E-87CA-387C-8656-EA554FB657CD}.Debug|x64.ActiveCfg = Debug|x64
		{32E89C7E-87CA-387C-8656-EA554FB657CD}.Debug|x64.Build.0 = Debug|x64
		{32E89C7E-87CA-387C-8656-EA554FB657CD}.Release|x64.ActiveCfg = Release|x64
		{32E89C7E-87CA-387C-8656-EA554FB657CD}.Release|x64.Build.0 = Release|x64
		{32E89C7E-87CA-387C-8656-EA554FB657CD}.MinSizeRel|x64.ActiveCfg = MinSizeRel|x64
		{32E89C7E-87CA-387C-8656-EA554FB657CD}.MinSizeRel|x64.Build.0 = MinSizeRel|x64
		{32E89C7E-87CA-387C-8656-EA554FB657CD}.RelWithDebInfo|x64.ActiveCfg = RelWithDebInfo|x64
		{32E89C7E-87CA-387C-8656-EA554FB657CD}.RelWithDebInfo|x64.Build.0 = RelWithDebInfo|x64
		{272BC477-F016-37D4-8D31-724FE1E11424}.Debug|x64.ActiveCfg = Debug|x64
		{272BC477-F016-37D4-8D31-724FE1E11424}.Debug|x64.Build.0 = Debug|x64
		{272BC477-F016-37D4-8D31-724FE1E11424}.Release|x64.ActiveCfg = Release|x64
		{272BC477-F016-37D4-8D31-724FE1E11424}.Release|x64.Build.0 = Release|x64
		{272BC477-F016-37D4-8D31-724FE1E11424}.MinSizeRel|x64.ActiveCfg = MinSizeRel|x64
		{272BC477-F016-37D4-8D31-724FE1E11424}.MinSizeRel|x64.Build.0 = MinSizeRel|x64
		{272BC477-F016-37D4-8D31-724FE1E11424}.RelWithDebInfo|x64.ActiveCfg = RelWithDebInfo|x64
		{272BC477-F016-37D4-8D31-724FE1E11424}.RelWithDebInfo|x64.Build.0 = RelWithDebInfo|x64
		{2CD01222-E71F-3289-B2FF-74E8E99695D4}.Debug|x64.ActiveCfg = Debug|x64
		{2CD01222-E71F-3289-B2FF-74E8E99695D4}.Debug|x64.Build.0 = Debug|x64
		{2CD01222-E71F-3289-B2FF-74E8E99695D4}.Release|x64.ActiveCfg = Release|x64
		{2CD01222-E71F-3289-B2FF-74E8E99695D4}.Release|x64.Build.0 = Release|x64
		{2CD01222-E71F-3289-B2FF-74E8E99695D4}.MinSizeRel|x64.ActiveCfg = MinSizeRel|x64
		{2CD01222-E71F-3289-B2FF-74E8E99695D4}.MinSizeRel|x64.Build.0 = MinSizeRel|x64
		{2CD01222-E71F-3289-B2FF-74E8E99695D4}.RelWithDebInfo|x64.ActiveCfg = RelWithDebInfo|x64
		{2CD01222-E71F-3289-B2FF-74E8E99695D4}.RelWithDebInfo|x64.Build.0 = RelWithDebInfo|x64
		{48C5744C-7657-3460-A789-54B9ADFF445C}.Debug|x64.ActiveCfg = Debug|x64
		{48C5744C-7657-3460-A789-54B9ADFF445C}.Debug|x64.Build.0 = Debug|x64
		{48C5744C-7657-3460-A789-54B9ADFF445C}.Release|x64.ActiveCfg = Release|x64
		{48C5744C-7657-3460-A789-54B9ADFF445C}.Release|x64.Build.0 = Release|x64
		{48C5744C-7657-3460-A789-54B9ADFF445C}.MinSizeRel|x64.ActiveCfg = MinSizeRel|x64
		{48C5744C-7657-3460-A789-54B9ADFF445C}.MinSizeRel|x64.Build.0 = MinSizeRel|x64
		{48C5744C-7657-3460-A789-54B9ADFF445C}.RelWithDebInfo|x64.ActiveCfg = RelWithDebInfo|x64
		{48C5744C-7657-3460-A789-54B9ADFF445C}.RelWithDebInfo|x64.Build.0 = RelWithDebInfo|x64
		{8C0213E6-C029-3FAF-9B9E-5BCE85CDE3A6}.Debug|x64.ActiveCfg = Debug|x64
		{8C0213E6-C029-3FAF-9B9E-5BCE85CDE3A6}.Debug|x64.Build.0 = Debug|x64
		{8C0213E6-C029-3FAF-9B9E-5BCE85CDE3A6}.Release|x64.ActiveCfg = Release|x64
		{8C0213E6-C029-3FAF-9B9E-5BCE85CDE3A6}.Release|x64.Build.0 = Release|x64
		{8C0213E6-C029-3FAF-9B9E-5BCE85CDE3A6}.MinSizeRel|x64.ActiveCfg = MinSizeRel|x64
		{8C0213E6-C029-3FAF-9B9E-5BCE85CDE3A6}.MinSizeRel|x64.Build.0 = MinSizeRel|x64
		{8C0213E6-C029-3FAF-9B9E-5BCE85CDE3A6}.RelWithDebInfo|x64.ActiveCfg = RelWithDebInfo|x64
		{8C0213E6-C029-3FAF-9B9E-5BCE85CDE3A6}.RelWithDebInfo|x64.Build.0 = RelWithDebInfo|x64
		{8A88C543-0922-349B-AA21-CE66A4AD8650}.Debug|x64.ActiveCfg = Debug|x64
		{8A88C543-0922-349B-AA21-CE66A4AD8650}.Debug|x64.Build.0 = Debug|x64
		{8A88C543-0922-349B-AA21-CE66A4AD8650}.Release|x64.ActiveCfg = Release|x64
		{8A88C543-0922-349B-AA21-CE66A4AD8650}.Release|x64.Build.0 = Release|x64
		{8A88C543-0922-349B-AA21-CE66A4AD8650}.MinSizeRel|x64.ActiveCfg = MinSizeRel|x64
		{8A88C543-0922-349B-AA21-CE66A4AD8650}.MinSizeRel|x64.Build.0 = MinSizeRel|x64
		{8A88C543-0922-349B-AA21-CE66A4AD8650}.RelWithDebInfo|x64.ActiveCfg = RelWithDebInfo|x64
		{8A88C543-0922-349B-AA21-CE66A4AD8650}.RelWithDebInfo|x64.Build.0 = RelWithDebInfo|x64
		{991AD3F7-7DD8-3C31-AD15-D929FD0423D3}.Debug|x64.ActiveCfg = Debug|x64
		{991AD3F7-7DD8-3C31-AD15-D929FD0423D3}.Debug|x64.Build.0 = Debug|x64
		{991AD3F7-7DD8-3C31-AD15-D929FD0423D3}.Release|x64.ActiveCfg = Release|x64
		{991AD3F7-7DD8-3C31-AD15-D929FD0423D3}.Release|x64.Build.0 = Release|x64
		{991AD3F7-7DD8-3C31-AD15-D929FD0423D3}.MinSizeRel|x64.ActiveCfg = MinSizeRel|x64
		{991AD3F7-7DD8-3C31-AD15-D929FD0423D3}.MinSizeRel|x64.Build.0 = MinSizeRel|x64
		{991AD3F7-7DD8-3C31-AD15-D929FD0423D3}.RelWithDebInfo|x64.ActiveCfg = RelWithDebInfo|x64
		{991AD3F7-7DD8-3C31-AD15-D929FD0423D3}.RelWithDebInfo|x64.Build.0 = RelWithDebInfo|x64
		{F3314DA8-1215-306D-9F20-33B27D4FB427}.Debug|x64.ActiveCfg = Debug|x64
		{F3314DA8-1215-306D-9F20-33B27D4FB427}.Debug|x64.Build.0 = Debug|x64
		{F3314DA8-1215-306D-9F20-33B27D4FB427}.Release|x64.ActiveCfg = Release|x64
		{F3314DA8-1215-306D-9F20-33B27D4FB427}.Release|x64.Build.0 = Release|x64
		{F3314DA8-1215-306D-9F20-33B27D4FB427}.MinSizeRel|x64.ActiveCfg = MinSizeRel|x64
		{F3314DA8-1215-306D-9F20-33B27D4FB427}.MinSizeRel|x64.Build.0 = MinSizeRel|x64
		{F3314DA8-1215-306D-9F20-33B27D4FB427}.RelWithDebInfo|x64.ActiveCfg = RelWithDebInfo|x64
		{F3314DA8-1215-306D-9F20-33B27D4FB427}.RelWithDebInfo|x64.Build.0 = RelWithDebInfo|x64
		{6D002540-36FB-3848-AF02-DAD40D8D8074}.Debug|x64.ActiveCfg = Debug|x64
		{6D002540-36FB-3848-AF02-DAD40D8D8074}.Debug|x64.Build.0 = Debug|x64
		{6D002540-36FB-3848-AF02-DAD40D8D8074}.Release|x64.ActiveCfg = Release|x64
		{6D002540-36FB-3848-AF02-DAD40D8D8074}.Release|x64.Build.0 = Release|x64
		{6D002540-36FB-3848-AF02-DAD40D8D8074}.MinSizeRel|x64.ActiveCfg = MinSizeRel|x64
		{6D002540-36FB-3848-AF02-DAD40D8D8074}.MinSizeRel|x64.Build.0 = MinSizeRel|x64
		{6D002540-36FB-3848-AF02-DAD40D8D8074}.RelWithDebInfo|x64.ActiveCfg = RelWithDebInfo|x64
		{6D002540-36FB-3848-AF02-DAD40D8D8074}.RelWithDebInfo|x64.Build.0 = RelWithDebInfo|x64
		{8C7F9562-5B68-33F0-B83A-645DBA4BBFB0}.Debug|x64.ActiveCfg = Debug|x64
		{8C7F9562-5B68-33F0-B83A-645DBA4BBFB0}.Debug|x64.Build.0 = Debug|x64
		{8C7F9562-5B68-33F0-B83A-645DBA4BBFB0}.Release|x64.ActiveCfg = Release|x64
		{8C7F9562-5B68-33F0-B83A-645DBA4BBFB0}.Release|x64.Build.0 = Release|x64
		{8C7F9562-5B68-33F0-B83A-645DBA4BBFB0}.MinSizeRel|x64.ActiveCfg = MinSizeRel|x64
		{8C7F9562-5B68-33F0-B83A-645DBA4BBFB0}.MinSizeRel|x64.Build.0 = MinSizeRel|x64
		{8C7F9562-5B68-33F0-B83A-645DBA4BBFB0}.RelWithDebInfo|x64.ActiveCfg = RelWithDebInfo|x64
		{8C7F9562-5B68-33F0-B83A-645DBA4BBFB0}.RelWithDebInfo|x64.Build.0 = RelWithDebInfo|x64
		{F84D29C4-AE0E-3CCE-8773-6C2CEC44484F}.Debug|x64.ActiveCfg = Debug|x64
		{F84D29C4-AE0E-3CCE-8773-6C2CEC44484F}.Debug|x64.Build.0 = Debug|x64
		{F84D29C4-AE0E-3CCE-8773-6C2CEC44484F}.Release|x64.ActiveCfg = Release|x64
		{F84D29C4-AE0E-3CCE-8773-6C2CEC44484F}.Release|x64.Build.0 = Release|x64
		{F84D29C4-AE0E-3CCE-8773-6C2CEC44484F}.MinSizeRel|x64.ActiveCfg = MinSizeRel|x64
		{F84D29C4-AE0E-3CCE-8773-6C2CEC44484F}.MinSizeRel|x64.Build.0 = MinSizeRel|x64
		{F84D29C4-AE0E-3CCE-8773-6C2CEC44484F}.RelWithDebInfo|x64.ActiveCfg = RelWithDebInfo|x64
		{F84D29C4-AE0E-3CCE-8773-6C2CEC44484F}.RelWithDebInfo|x64.Build.0 = RelWithDebInfo|x64
		{70A172AE-72B9-3C4C-BD7B-ED15E9BC9879}.Debug|x64.ActiveCfg = Debug|x64
		{70A172AE-72B9-3C4C-BD7B-ED15E9BC9879}.Debug|x64.Build.0 = Debug|x64
		{70A172AE-72B9-3C4C-BD7B-ED15E9BC9879}.Release|x64.ActiveCfg = Release|x64
		{70A172AE-72B9-3C4C-BD7B-ED15E9BC9879}.Release|x64.Build.0 = Release|x64
		{70A172AE-72B9-3C4C-BD7B-ED15E9BC9879}.MinSizeRel|x64.ActiveCfg = MinSizeRel|x64
		{70A172AE-72B9-3C4C-BD7B-ED15E9BC9879}.MinSizeRel|x64.Build.0 = MinSizeRel|x64
		{70A172AE-72B9-3C4C-BD7B-ED15E9BC9879}.RelWithDebInfo|x64.ActiveCfg = RelWithDebInfo|x64
		{70A172AE-72B9-3C4C-BD7B-ED15E9BC9879}.RelWithDebInfo|x64.Build.0 = RelWithDebInfo|x64
		{F6C6843C-7673-3F20-8822-A9E21DB31E2A}.Debug|x64.ActiveCfg = Debug|x64
		{F6C6843C-7673-3F20-8822-A9E21DB31E2A}.Release|x64.ActiveCfg = Release|x64
		{F6C6843C-7673-3F20-8822-A9E21DB31E2A}.MinSizeRel|x64.ActiveCfg = MinSizeRel|x64
		{F6C6843C-7673-3F20-8822-A9E21DB31E2A}.RelWithDebInfo|x64.ActiveCfg = RelWithDebInfo|x64
		{FDA44A11-D2BC-3C07-B85A-AC6A419422AE}.Debug|x64.ActiveCfg = Debug|x64
		{FDA44A11-D2BC-3C07-B85A-AC6A419422AE}.Debug|x64.Build.0 = Debug|x64
		{FDA44A11-D2BC-3C07-B85A-AC6A419422AE}.Release|x64.ActiveCfg = Release|x64
		{FDA44A11-D2BC-3C07-B85A-AC6A419422AE}.Release|x64.Build.0 = Release|x64
		{FDA44A11-D2BC-3C07-B85A-AC6A419422AE}.MinSizeRel|x64.ActiveCfg = MinSizeRel|x64
		{FDA44A11-D2BC-3C07-B85A-AC6A419422AE}.MinSizeRel|x64.Build.0 = MinSizeRel|x64
		{FDA44A11-D2BC-3C07-B85A-AC6A419422AE}.RelWithDebInfo|x64.ActiveCfg = RelWithDebInfo|x64
		{FDA44A11-D2BC-3C07-B85A-AC6A419422AE}.RelWithDebInfo|x64.Build.0 = RelWithDebInfo|x64
		{2A99B54E-E02F-3E80-9802-C10CCC75009E}.Debug|x64.ActiveCfg = Debug|x64
		{2A99B54E-E02F-3E80-9802-C10CCC75009E}.Debug|x64.Build.0 = Debug|x64
		{2A99B54E-E02F-3E80-9802-C10CCC75009E}.Release|x64.ActiveCfg = Release|x64
		{2A99B54E-E02F-3E80-9802-C10CCC75009E}.Release|x64.Build.0 = Release|x64
		{2A99B54E-E02F-3E80-9802-C10CCC75009E}.MinSizeRel|x64.ActiveCfg = MinSizeRel|x64
		{2A99B54E-E02F-3E80-9802-C10CCC75009E}.MinSizeRel|x64.Build.0 = MinSizeRel|x64
		{2A99B54E-E02F-3E80-9802-C10CCC75009E}.RelWithDebInfo|x64.ActiveCfg = RelWithDebInfo|x64
		{2A99B54E-E02F-3E80-9802-C10CCC75009E}.RelWithDebInfo|x64.Build.0 = RelWithDebInfo|x64
	EndGlobalSection
	GlobalSection(NestedProjects) = preSolution
		{DD6A6413-1FB2-3C7B-A186-27499305CEB9} = {93C1FE0B-05B0-30B3-85F0-1A3ABC087DB4}
		{C85CDB5A-F81E-37B8-B844-10493D9DC960} = {93C1FE0B-05B0-30B3-85F0-1A3ABC087DB4}
		{620530BA-242C-3D87-9D39-6BE4823FE232} = {93C1FE0B-05B0-30B3-85F0-1A3ABC087DB4}
		{3FB528A4-7794-3845-BF37-F72309E13C31} = {89F4F343-3526-3532-B0A4-231492D155BE}
		{0F91E3A6-9E57-3432-9A88-C5B688935C84} = {89F4F343-3526-3532-B0A4-231492D155BE}
		{3D997667-EB4F-3000-8CCB-DDC34A9DE92A} = {89F4F343-3526-3532-B0A4-231492D155BE}
		{F6C6843C-7673-3F20-8822-A9E21DB31E2A} = {89F4F343-3526-3532-B0A4-231492D155BE}
		{9ADF7394-8DC6-381A-8AF0-AE9659FF888F} = {3FB528A4-7794-3845-BF37-F72309E13C31}
		{04F2577C-FBE9-3FBD-A80C-1BBE9E09EEA2} = {3FB528A4-7794-3845-BF37-F72309E13C31}
		{7B0300D0-E3D0-321B-A6D6-11EEF29B51FA} = {3FB528A4-7794-3845-BF37-F72309E13C31}
		{32E89C7E-87CA-387C-8656-EA554FB657CD} = {3FB528A4-7794-3845-BF37-F72309E13C31}
		{2CD01222-E71F-3289-B2FF-74E8E99695D4} = {3FB528A4-7794-3845-BF37-F72309E13C31}
		{8C0213E6-C029-3FAF-9B9E-5BCE85CDE3A6} = {3FB528A4-7794-3845-BF37-F72309E13C31}
		{8A88C543-0922-349B-AA21-CE66A4AD8650} = {3FB528A4-7794-3845-BF37-F72309E13C31}
		{991AD3F7-7DD8-3C31-AD15-D929FD0423D3} = {3FB528A4-7794-3845-BF37-F72309E13C31}
		{FDA44A11-D2BC-3C07-B85A-AC6A419422AE} = {3FB528A4-7794-3845-BF37-F72309E13C31}
		{AB12D2FB-A82B-3219-941C-D2E55B89BAB8} = {0F91E3A6-9E57-3432-9A88-C5B688935C84}
		{8945869F-A531-33D2-9797-F8C14A044A6C} = {0F91E3A6-9E57-3432-9A88-C5B688935C84}
		{FA2B7FD9-FD8D-3CCF-8D38-C5AB5DC6A6F3} = {0F91E3A6-9E57-3432-9A88-C5B688935C84}
		{4E5CE66D-562A-3004-A6EA-328C795616B9} = {0F91E3A6-9E57-3432-9A88-C5B688935C84}
		{2667D30E-74C3-3F2E-85EE-540D0C544B91} = {0F91E3A6-9E57-3432-9A88-C5B688935C84}
		{1A69A521-7A20-383C-871B-20C263C37711} = {0F91E3A6-9E57-3432-9A88-C5B688935C84}
		{4AB45466-83DA-3593-8330-23D374D3D42C} = {0F91E3A6-9E57-3432-9A88-C5B688935C84}
		{3FEC4DCE-A357-3A84-BD12-E9BC8477442F} = {0F91E3A6-9E57-3432-9A88-C5B688935C84}
		{DCEE46C9-EE7A-37BC-823A-918C8B468418} = {0F91E3A6-9E57-3432-9A88-C5B688935C84}
		{8249BB9C-BA6F-367F-BB09-1B0355135F8E} = {0F91E3A6-9E57-3432-9A88-C5B688935C84}
		{75DAFB6E-4354-3E0D-BAA2-46ED7BC9BA2C} = {0F91E3A6-9E57-3432-9A88-C5B688935C84}
		{AD9227D6-CFD4-3D2B-A9C4-EC41ED506493} = {0F91E3A6-9E57-3432-9A88-C5B688935C84}
		{272BC477-F016-37D4-8D31-724FE1E11424} = {0F91E3A6-9E57-3432-9A88-C5B688935C84}
		{48C5744C-7657-3460-A789-54B9ADFF445C} = {0F91E3A6-9E57-3432-9A88-C5B688935C84}
		{F3314DA8-1215-306D-9F20-33B27D4FB427} = {0F91E3A6-9E57-3432-9A88-C5B688935C84}
		{6D002540-36FB-3848-AF02-DAD40D8D8074} = {0F91E3A6-9E57-3432-9A88-C5B688935C84}
		{8C7F9562-5B68-33F0-B83A-645DBA4BBFB0} = {0F91E3A6-9E57-3432-9A88-C5B688935C84}
		{F84D29C4-AE0E-3CCE-8773-6C2CEC44484F} = {0F91E3A6-9E57-3432-9A88-C5B688935C84}
		{70A172AE-72B9-3C4C-BD7B-ED15E9BC9879} = {0F91E3A6-9E57-3432-9A88-C5B688935C84}
		{2A99B54E-E02F-3E80-9802-C10CCC75009E} = {0F91E3A6-9E57-3432-9A88-C5B688935C84}
	EndGlobalSection
	GlobalSection(ExtensibilityGlobals) = postSolution
		SolutionGuid = {DBC13F90-0410-3B21-9439-6267444AA230}
	EndGlobalSection
	GlobalSection(ExtensibilityAddIns) = postSolution
	EndGlobalSection
EndGlobal
