
Microsoft Visual Studio Solution File, Format Version 12.00
# Visual Studio Version 16
VisualStudioVersion = 16.0.30621.155
MinimumVisualStudioVersion = 10.0.40219.1
Project("{8BC9CEB8-8B4A-11D0-8D11-00A0C91BC942}") = "Program2_1", "OpenGL_Project\OpenGL_Project.vcxproj", "{0F2E3344-C77C-440C-BE20-5BB200F1D3D1}"
EndProject
Project("{8BC9CEB8-8B4A-11D0-8D11-00A0C91BC942}") = "Program2_2", "Program2_2\Program2_2.vcxproj", "{00D744CE-B396-44AB-A64D-3DB2889DA122}"
EndProject
Project("{8BC9CEB8-8B4A-11D0-8D11-00A0C91BC942}") = "Program2_3", "Program2_3\Program2_3.vcxproj", "{B730C628-A73C-4ECE-BB15-4E5028AAB932}"
EndProject
Global
	GlobalSection(SolutionConfigurationPlatforms) = preSolution
		Debug|x64 = Debug|x64
		Debug|x86 = Debug|x86
		Release|x64 = Release|x64
		Release|x86 = Release|x86
	EndGlobalSection
	GlobalSection(ProjectConfigurationPlatforms) = postSolution
		{0F2E3344-C77C-440C-BE20-5BB200F1D3D1}.Debug|x64.ActiveCfg = Debug|x64
		{0F2E3344-C77C-440C-BE20-5BB200F1D3D1}.Debug|x64.Build.0 = Debug|x64
		{0F2E3344-C77C-440C-BE20-5BB200F1D3D1}.Debug|x86.ActiveCfg = Debug|Win32
		{0F2E3344-C77C-440C-BE20-5BB200F1D3D1}.Debug|x86.Build.0 = Debug|Win32
		{0F2E3344-C77C-440C-BE20-5BB200F1D3D1}.Release|x64.ActiveCfg = Release|x64
		{0F2E3344-C77C-440C-BE20-5BB200F1D3D1}.Release|x64.Build.0 = Release|x64
		{0F2E3344-C77C-440C-BE20-5BB200F1D3D1}.Release|x86.ActiveCfg = Release|Win32
		{0F2E3344-C77C-440C-BE20-5BB200F1D3D1}.Release|x86.Build.0 = Release|Win32
		{00D744CE-B396-44AB-A64D-3DB2889DA122}.Debug|x64.ActiveCfg = Debug|x64
		{00D744CE-B396-44AB-A64D-3DB2889DA122}.Debug|x64.Build.0 = Debug|x64
		{00D744CE-B396-44AB-A64D-3DB2889DA122}.Debug|x86.ActiveCfg = Debug|Win32
		{00D744CE-B396-44AB-A64D-3DB2889DA122}.Debug|x86.Build.0 = Debug|Win32
		{00D744CE-B396-44AB-A64D-3DB2889DA122}.Release|x64.ActiveCfg = Release|x64
		{00D744CE-B396-44AB-A64D-3DB2889DA122}.Release|x64.Build.0 = Release|x64
		{00D744CE-B396-44AB-A64D-3DB2889DA122}.Release|x86.ActiveCfg = Release|Win32
		{00D744CE-B396-44AB-A64D-3DB2889DA122}.Release|x86.Build.0 = Release|Win32
		{B730C628-A73C-4ECE-BB15-4E5028AAB932}.Debug|x64.ActiveCfg = Debug|x64
		{B730C628-A73C-4ECE-BB15-4E5028AAB932}.Debug|x64.Build.0 = Debug|x64
		{B730C628-A73C-4ECE-BB15-4E5028AAB932}.Debug|x86.ActiveCfg = Debug|Win32
		{B730C628-A73C-4ECE-BB15-4E5028AAB932}.Debug|x86.Build.0 = Debug|Win32
		{B730C628-A73C-4ECE-BB15-4E5028AAB932}.Release|x64.ActiveCfg = Release|x64
		{B730C628-A73C-4ECE-BB15-4E5028AAB932}.Release|x64.Build.0 = Release|x64
		{B730C628-A73C-4ECE-BB15-4E5028AAB932}.Release|x86.ActiveCfg = Release|Win32
		{B730C628-A73C-4ECE-BB15-4E5028AAB932}.Release|x86.Build.0 = Release|Win32
	EndGlobalSection
	GlobalSection(SolutionProperties) = preSolution
		HideSolutionNode = FALSE
	EndGlobalSection
	GlobalSection(ExtensibilityGlobals) = postSolution
		SolutionGuid = {A34CAC9B-3964-4D7A-B616-207B00EBA499}
	EndGlobalSection
EndGlobal
