<?xml version="1.0" encoding="utf-8"?>
<Project ToolsVersion="16.0" xmlns="http://schemas.microsoft.com/developer/msbuild/2003">
  <ItemGroup>
    <ClCompile Include="E:\___Study\OpenGL\glfw-3.3.4\tests\events.c">
      <Filter>Source Files</Filter>
    </ClCompile>
    <ClCompile Include="E:\___Study\OpenGL\glfw-3.3.4\deps\getopt.c">
      <Filter>Source Files</Filter>
    </ClCompile>
    <ClCompile Include="E:\___Study\OpenGL\glfw-3.3.4\deps\glad_gl.c">
      <Filter>Source Files</Filter>
    </ClCompile>
  </ItemGroup>
  <ItemGroup>
    <ClInclude Include="E:\___Study\OpenGL\glfw-3.3.4\deps\getopt.h">
      <Filter>Header Files</Filter>
    </ClInclude>
    <ClInclude Include="E:\___Study\OpenGL\glfw-3.3.4\deps\glad\gl.h">
      <Filter>Header Files</Filter>
    </ClInclude>
  </ItemGroup>
  <ItemGroup>
    <CustomBuild Include="E:\___Study\OpenGL\glfw-3.3.4\tests\CMakeLists.txt" />
  </ItemGroup>
  <ItemGroup>
    <Filter Include="Header Files">
      <UniqueIdentifier>{EB512F2F-6F6F-3CF2-9B22-3A89C544E327}</UniqueIdentifier>
    </Filter>
    <Filter Include="Source Files">
      <UniqueIdentifier>{5591008E-72C3-3A3B-B8FA-8E1D3701B557}</UniqueIdentifier>
    </Filter>
  </ItemGroup>
</Project>
